{
  "object": {
    "pins": [
      {
        "package": "BanubaARCloudSDK",
        "repositoryURL": "https://github.com/Banuba/BanubaARCloudSDK-IOS.git",
        "state": {
          "branch": null,
          "revision": "4d10fadb85830ecf24bb6d552c6d2f3b434ecd80",
          "version": "1.23.0"
        }
      },
      {
        "package": "BanubaAudioBrowserSDK",
        "repositoryURL": "https://github.com/Banuba/BanubaAudioBrowserSDK-iOS.git",
        "state": {
          "branch": null,
          "revision": "683203b47c26c6e592ab0caeddb8cdebd173924d",
          "version": "1.23.0"
        }
      },
      {
        "package": "BanubaEffectPlayer",
        "repositoryURL": "https://github.com/Banuba/BanubaEffectPlayer-iOS.git",
        "state": {
          "branch": null,
          "revision": "080b66bf4ca296ab1cda00084fb4b5d8d6908296",
          "version": "1.23.0"
        }
      },
      {
        "package": "BanubaLicenseServicingSDK",
        "repositoryURL": "https://github.com/Banuba/BanubaLicenseServicingSDK.git",
        "state": {
          "branch": null,
          "revision": "834e24b47c033c7c0bf0b1f0f2d67c46c53484c3",
          "version": "1.23.0"
        }
      },
      {
        "package": "BanubaMusicEditorSDK",
        "repositoryURL": "https://github.com/Banuba/BanubaMusicEditorSDK-iOS.git",
        "state": {
          "branch": null,
          "revision": "06735981061777fe1c45bba91e47e08f382350ab",
          "version": "1.23.0"
        }
      },
      {
        "package": "BanubaOverlayEditorSDK",
        "repositoryURL": "https://github.com/Banuba/BanubaOverlayEditorSDK-iOS.git",
        "state": {
          "branch": null,
          "revision": "b0dcbb3836d1f7c9f74dbf2e23839ac8d05fcca1",
          "version": "1.23.0"
        }
      },
      {
        "package": "BanubaSdk",
        "repositoryURL": "https://github.com/Banuba/BanubaSDK-iOS.git",
        "state": {
          "branch": null,
          "revision": "72847a1ac0c3b160138ac3706f40d6c9979c3031",
          "version": "1.23.0"
        }
      },
      {
        "package": "BanubaSDKServicing",
        "repositoryURL": "https://github.com/Banuba/BanubaSDKServicing-iOS.git",
        "state": {
          "branch": null,
          "revision": "a919651fda89fdf2f9b8bc110b299dcdac8b5398",
          "version": "1.23.0"
        }
      },
      {
        "package": "BanubaSdkSimple",
        "repositoryURL": "https://github.com/Banuba/BanubaSDKSimple-IOS.git",
        "state": {
          "branch": null,
          "revision": "d79a429321e6253b35778cf272b31ab8979f1871",
          "version": "1.23.0"
        }
      },
      {
        "package": "BanubaTokenStorageSDK",
        "repositoryURL": "https://github.com/Banuba/BanubaTokenStorageSDK-iOS.git",
        "state": {
          "branch": null,
          "revision": "72c01037fceda44084ab82cafcec748885c9addf",
          "version": "1.23.0"
        }
      },
      {
        "package": "BanubaUtilities",
        "repositoryURL": "https://github.com/Banuba/BanubaUtilities-iOS.git",
        "state": {
          "branch": null,
          "revision": "cc95979a31b1796a36779bb08fa7ffad57f8fa5c",
          "version": "1.23.0"
        }
      },
      {
        "package": "BanubaVideoEditorGallerySDK",
        "repositoryURL": "https://github.com/Banuba/BanubaVideoEditorGallerySDK.git",
        "state": {
          "branch": null,
          "revision": "d2306bce6ac45b1af3c29a015525ffca5c828bf2",
          "version": "1.23.0"
        }
      },
      {
        "package": "BanubaVideoEditorSDK",
        "repositoryURL": "https://github.com/Banuba/BanubaVideoEditorSDK-iOS.git",
        "state": {
          "branch": null,
          "revision": "6de072d60f5b74401479c94daf75f3f9329c542a",
          "version": "1.23.0"
        }
      },
      {
        "package": "BanubaVideoEditorTrimSDK",
        "repositoryURL": "https://github.com/Banuba/BanubaVideoEditorTrimSDK-iOS.git",
        "state": {
          "branch": null,
          "revision": "9115ffcd1c1b9b46172405a6247742fb02bdd6cb",
          "version": "1.23.0"
        }
      },
      {
        "package": "BNBLicenseUtils",
        "repositoryURL": "https://github.com/Banuba/BNBLicenseUtils-iOS.git",
        "state": {
          "branch": null,
          "revision": "9beceb961a6c02ddfbbba8dea1311460ba7bd246",
          "version": "1.22.1"
        }
      },
      {
        "package": "VEEffectsSDK",
        "repositoryURL": "https://github.com/Banuba/VEEffectsSDK-iOS.git",
        "state": {
          "branch": null,
          "revision": "f718ad39e921fdb2d8e0408404ad10f870f609fd",
          "version": "1.23.0"
        }
      },
      {
        "package": "VEExportSDK",
        "repositoryURL": "https://github.com/Banuba/VEExportSDK-iOS.git",
        "state": {
          "branch": null,
          "revision": "e6d14d0b0efd35edbbc561783c80963e33649738",
          "version": "1.23.0"
        }
      },
      {
        "package": "VEPlaybackSDK",
        "repositoryURL": "https://github.com/Banuba/VEPlaybackSDK-iOS.git",
        "state": {
          "branch": null,
          "revision": "be555581921a8bf8891980d0610173e72ce10a88",
          "version": "1.23.0"
        }
      },
      {
        "package": "VideoEditor",
        "repositoryURL": "https://github.com/Banuba/VideoEditor-iOS.git",
        "state": {
          "branch": null,
          "revision": "a472f8cf43e83f2783efd122e32bf39efbe4b495",
          "version": "1.23.0"
        }
      }
    ]
  },
  "version": 1
}
